{
  "version": 4,
  "terraform_version": "1.4.6",
  "serial": 46,
  "lineage": "2e5d5816-78c4-b4fe-b20b-a6f20fa7fffc",
  "outputs": {},
  "resources": [
    {
      "mode": "managed",
      "type": "google_artifact_registry_repository",
      "name": "my-repo",
      "provider": "provider[\"registry.terraform.io/hashicorp/google\"]",
      "instances": [
        {
          "schema_version": 0,
          "attributes": {
            "create_time": "2023-10-14T20:43:32.268812Z",
            "description": "example docker repository",
            "docker_config": [
              {
                "immutable_tags": true
              }
            ],
            "effective_labels": {},
            "format": "DOCKER",
            "id": "projects/humble-being-293400/locations/us-central1/repositories/artifacts",
            "kms_key_name": "",
            "labels": {},
            "location": "us-central1",
            "maven_config": [],
            "mode": "STANDARD_REPOSITORY",
            "name": "artifacts",
            "project": "humble-being-293400",
            "remote_repository_config": [],
            "repository_id": "artifacts",
            "terraform_labels": {},
            "timeouts": null,
            "update_time": "2023-10-14T20:43:32.268812Z",
            "virtual_repository_config": []
          },
          "sensitive_attributes": [],
          "private": "eyJlMmJmYjczMC1lY2FhLTExZTYtOGY4OC0zNDM2M2JjN2M0YzAiOnsiY3JlYXRlIjoxMjAwMDAwMDAwMDAwLCJkZWxldGUiOjEyMDAwMDAwMDAwMDAsInVwZGF0ZSI6MTIwMDAwMDAwMDAwMH19"
        }
      ]
    },
    {
      "mode": "managed",
      "type": "google_compute_network",
      "name": "vpc",
      "provider": "provider[\"registry.terraform.io/hashicorp/google\"]",
      "instances": [
        {
          "schema_version": 0,
          "attributes": {
            "auto_create_subnetworks": false,
            "delete_default_routes_on_create": false,
            "description": "",
            "enable_ula_internal_ipv6": false,
            "gateway_ipv4": "",
            "id": "projects/humble-being-293400/global/networks/humble-being-293400-vpc",
            "internal_ipv6_range": "",
            "mtu": 0,
            "name": "humble-being-293400-vpc",
            "network_firewall_policy_enforcement_order": "AFTER_CLASSIC_FIREWALL",
            "project": "humble-being-293400",
            "routing_mode": "REGIONAL",
            "self_link": "https://www.googleapis.com/compute/v1/projects/humble-being-293400/global/networks/humble-being-293400-vpc",
            "timeouts": null
          },
          "sensitive_attributes": [],
          "private": "eyJlMmJmYjczMC1lY2FhLTExZTYtOGY4OC0zNDM2M2JjN2M0YzAiOnsiY3JlYXRlIjoxMjAwMDAwMDAwMDAwLCJkZWxldGUiOjEyMDAwMDAwMDAwMDAsInVwZGF0ZSI6MTIwMDAwMDAwMDAwMH19"
        }
      ]
    },
    {
      "mode": "managed",
      "type": "google_compute_subnetwork",
      "name": "subnet",
      "provider": "provider[\"registry.terraform.io/hashicorp/google\"]",
      "instances": [
        {
          "schema_version": 0,
          "attributes": {
            "creation_timestamp": "2023-10-14T13:43:53.835-07:00",
            "description": "",
            "external_ipv6_prefix": "",
            "fingerprint": null,
            "gateway_address": "10.10.0.1",
            "id": "projects/humble-being-293400/regions/us-central1/subnetworks/humble-being-293400-subnet",
            "internal_ipv6_prefix": "",
            "ip_cidr_range": "10.10.0.0/24",
            "ipv6_access_type": "",
            "ipv6_cidr_range": "",
            "log_config": [],
            "name": "humble-being-293400-subnet",
            "network": "https://www.googleapis.com/compute/v1/projects/humble-being-293400/global/networks/humble-being-293400-vpc",
            "private_ip_google_access": false,
            "private_ipv6_google_access": "DISABLE_GOOGLE_ACCESS",
            "project": "humble-being-293400",
            "purpose": "PRIVATE",
            "region": "us-central1",
            "role": "",
            "secondary_ip_range": [],
            "self_link": "https://www.googleapis.com/compute/v1/projects/humble-being-293400/regions/us-central1/subnetworks/humble-being-293400-subnet",
            "stack_type": "IPV4_ONLY",
            "timeouts": null
          },
          "sensitive_attributes": [],
          "private": "eyJlMmJmYjczMC1lY2FhLTExZTYtOGY4OC0zNDM2M2JjN2M0YzAiOnsiY3JlYXRlIjoxMjAwMDAwMDAwMDAwLCJkZWxldGUiOjEyMDAwMDAwMDAwMDAsInVwZGF0ZSI6MTIwMDAwMDAwMDAwMH19",
          "dependencies": [
            "google_compute_network.vpc"
          ]
        }
      ]
    },
    {
      "mode": "managed",
      "type": "google_container_cluster",
      "name": "my-rearcs-cluster",
      "provider": "provider[\"registry.terraform.io/hashicorp/google\"]",
      "instances": [
        {
          "schema_version": 2,
          "attributes": {
            "addons_config": [
              {
                "cloudrun_config": [],
                "config_connector_config": [],
                "dns_cache_config": [],
                "gce_persistent_disk_csi_driver_config": [
                  {
                    "enabled": true
                  }
                ],
                "gcp_filestore_csi_driver_config": [],
                "gcs_fuse_csi_driver_config": [],
                "gke_backup_agent_config": [],
                "horizontal_pod_autoscaling": [],
                "http_load_balancing": [],
                "network_policy_config": [
                  {
                    "disabled": true
                  }
                ]
              }
            ],
            "allow_net_admin": null,
            "authenticator_groups_config": [],
            "binary_authorization": [
              {
                "enabled": false,
                "evaluation_mode": ""
              }
            ],
            "cluster_autoscaling": [
              {
                "auto_provisioning_defaults": [],
                "enabled": false,
                "resource_limits": []
              }
            ],
            "cluster_ipv4_cidr": "10.76.0.0/14",
            "confidential_nodes": [],
            "cost_management_config": [],
            "database_encryption": [
              {
                "key_name": "",
                "state": "DECRYPTED"
              }
            ],
            "datapath_provider": "",
            "default_max_pods_per_node": 110,
            "default_snat_status": [
              {
                "disabled": false
              }
            ],
            "deletion_protection": false,
            "description": "",
            "dns_config": [],
            "enable_autopilot": false,
            "enable_intranode_visibility": false,
            "enable_k8s_beta_apis": [],
            "enable_kubernetes_alpha": false,
            "enable_l4_ilb_subsetting": false,
            "enable_legacy_abac": false,
            "enable_shielded_nodes": true,
            "enable_tpu": false,
            "endpoint": "35.225.123.70",
            "gateway_api_config": [],
            "id": "projects/humble-being-293400/locations/us-central1/clusters/my-rearcs-cluster",
            "initial_node_count": 1,
            "ip_allocation_policy": [
              {
                "additional_pod_ranges_config": [],
                "cluster_ipv4_cidr_block": "10.76.0.0/14",
                "cluster_secondary_range_name": "gke-my-rearcs-cluster-pods-ce8be510",
                "pod_cidr_overprovision_config": [
                  {
                    "disabled": false
                  }
                ],
                "services_ipv4_cidr_block": "10.80.0.0/20",
                "services_secondary_range_name": "gke-my-rearcs-cluster-services-ce8be510",
                "stack_type": "IPV4"
              }
            ],
            "label_fingerprint": "a9dc16a7",
            "location": "us-central1",
            "logging_config": [
              {
                "enable_components": [
                  "SYSTEM_COMPONENTS",
                  "WORKLOADS"
                ]
              }
            ],
            "logging_service": "logging.googleapis.com/kubernetes",
            "maintenance_policy": [],
            "master_auth": [
              {
                "client_certificate": "",
                "client_certificate_config": [
                  {
                    "issue_client_certificate": false
                  }
                ],
                "client_key": "",
                "cluster_ca_certificate": "LS0tLS1CRUdJTiBDRVJUSUZJQ0FURS0tLS0tCk1JSUVMRENDQXBTZ0F3SUJBZ0lRWGliMmkzNDVhRTVZM1dqNytKTnRmakFOQmdrcWhraUc5dzBCQVFzRkFEQXYKTVMwd0t3WURWUVFERXlReE56Z3labUV4TkMxbE1EWmpMVFJqTURrdE9USTBNUzFqWVRZMU5HUXdPRFpsTlRjdwpJQmNOTWpNeE1ERTBNVGswTXpNeVdoZ1BNakExTXpFd01EWXlNRFF6TXpKYU1DOHhMVEFyQmdOVkJBTVRKREUzCk9ESm1ZVEUwTFdVd05tTXROR013T1MwNU1qUXhMV05oTmpVMFpEQTRObVUxTnpDQ0FhSXdEUVlKS29aSWh2Y04KQVFFQkJRQURnZ0dQQURDQ0FZb0NnZ0dCQU40R0JwV0psc3dWWDRQaUk5Znk1Nk8wQ3haRzJBVGRhajRWcmZhLwpITlBYbXNLUTRwMVV2UW5nWjhTRUxUd042enVYRmFxUU1wbEw3bHRNRS84elBrV2JONjlDLzdXa0ZNWWNvRDlvCm55bjIvU3pqL0o5VmJIdVhEellUbGxYQVkyV00rZkxiUjY4V2FacDcyQmt3OFl6TW5UYXBRK2I4cGphVDg1VzYKZ2FUbEVYd1hjMFJrU1ZRZ1drcWJ1M2hPV1ZjN0JWZDJoRVdheDU4VWVTVlltQkJTRnNtUlp5bGhBamlicm9NTwo5Tzd2aDlqQ0lSUnlRdXkzTFZ5K3ptWnVVVnE2UXp4Nkk5bWpjYmdXNVBYNEJZaTNDOUJSOTdKVGJkbW5LWjFEClJ5TWlGOVNDTnUrY2t2VWFZeXQ4NGpGWjRhdktzWkhKWkFiR1h2cXh0TVFnSlBPQlphMGErQWVEdXkwSG9lM04KaUlSZjcvemdxcjBIUlI2dXFxTEY4S1JaeWRXTi9xekNIdjh1cTdrYVV2NzhSV1FvbUNMZjhrZU9JRmgxZGpUKwpjdjRQeWdpdXRWYzBUUzFHOXdMY1YxajRWY3huRnk2cXNFT0N0cytKNGFyWmhERkdianYxRGZRSTR1ZzROZFNLCnJlb3o5TDlvOVliTk9IMWhjY0V5L1VEdlh3SURBUUFCbzBJd1FEQU9CZ05WSFE4QkFmOEVCQU1DQWdRd0R3WUQKVlIwVEFRSC9CQVV3QXdFQi96QWRCZ05WSFE0RUZnUVVoRkRqb056RE90ZDkyaFJiUTVaTE5rd1dwV0V3RFFZSgpLb1pJaHZjTkFRRUxCUUFEZ2dHQkFDeHZ6b2JTSi81ZlVUaDBTVnFsSmlZZitmMnAwNWhHRDhTOEtVWGZwTnhMCmlzTXFoRm1jYjljZzEwUGxxSTlHcHRWUGFDVWJhRjlRL0h3UTdwWm5vaWdDcERXeTdNdzFrS1YxZVFkMU9aSXIKN1FvcUpVNmhqRzlTN1ROaUJHeVdHTGFBU3J3WFlrbkgxazhSTXZ3M0cxaVJsNktFcTVqdmVRU09MQWZ6ZTg4NAo3Snc4emczWEFGSHYwTDV3SXhEajg4QVRkbnRVek1sTW0zNjRMK1ZaUExDeFdwVWN0UmgrRWdzVlkxM0JoZnlnCjlBbzZXZDFudmw4dit0Rk51RnRMNWwyOVdHdGlFclo3OXQ3eWVlWWtvU1JZUXBlamZwbklUMkdTVVNuR0JQRVUKbmY1MW1EbzJ5clB5cEV5cUp0NDRuVjVMSzlCNEhUalJ1QmRiN2pnT01KTFJrRjU2eHpkMXZLS3JQU2RlY0ZPZQowRUY2bGxtRkUzWi9UVTltN0RDSXlRY0RBMTcrTXZ1MjcrOGtMZ3YxcDBsd1NhSk42VDFsZFluZ012UHV1TG96CkxJYVAzYVRoYjNyWnQ5eVdKdlozVTZHckJQMzRlVVhwL2Z1L0ljeGtSQ1dzMkc1cE8zWjRPaTMwUjFqTXMweVYKZ2V5MW5tN2JxMGdyMTNmdnFsWUVTUT09Ci0tLS0tRU5EIENFUlRJRklDQVRFLS0tLS0K"
              }
            ],
            "master_authorized_networks_config": [],
            "master_version": "1.27.3-gke.100",
            "mesh_certificates": [],
            "min_master_version": null,
            "monitoring_config": [
              {
                "advanced_datapath_observability_config": [
                  {
                    "enable_metrics": false,
                    "relay_mode": "DISABLED"
                  }
                ],
                "enable_components": [
                  "SYSTEM_COMPONENTS"
                ],
                "managed_prometheus": [
                  {
                    "enabled": true
                  }
                ]
              }
            ],
            "monitoring_service": "monitoring.googleapis.com/kubernetes",
            "name": "my-rearcs-cluster",
            "network": "projects/humble-being-293400/global/networks/default",
            "network_policy": [
              {
                "enabled": false,
                "provider": "PROVIDER_UNSPECIFIED"
              }
            ],
            "networking_mode": "VPC_NATIVE",
            "node_config": [
              {
                "advanced_machine_features": [],
                "boot_disk_kms_key": "",
                "confidential_nodes": [],
                "disk_size_gb": 100,
                "disk_type": "pd-balanced",
                "effective_taints": [],
                "ephemeral_storage_local_ssd_config": [],
                "fast_socket": [],
                "gcfs_config": [],
                "guest_accelerator": [],
                "gvnic": [],
                "host_maintenance_policy": [],
                "image_type": "COS_CONTAINERD",
                "kubelet_config": [],
                "labels": {
                  "env": "humble-being-293400"
                },
                "linux_node_config": [],
                "local_nvme_ssd_block_config": [],
                "local_ssd_count": 0,
                "logging_variant": "DEFAULT",
                "machine_type": "e2-medium",
                "metadata": {
                  "disable-legacy-endpoints": "true"
                },
                "min_cpu_platform": "",
                "node_group": "",
                "oauth_scopes": [
                  "https://www.googleapis.com/auth/cloud-platform",
                  "https://www.googleapis.com/auth/devstorage.read_only",
                  "https://www.googleapis.com/auth/logging.write",
                  "https://www.googleapis.com/auth/monitoring"
                ],
                "preemptible": false,
                "reservation_affinity": [],
                "resource_labels": {},
                "service_account": "default",
                "shielded_instance_config": [
                  {
                    "enable_integrity_monitoring": true,
                    "enable_secure_boot": false
                  }
                ],
                "sole_tenant_config": [],
                "spot": false,
                "tags": [],
                "taint": [],
                "workload_metadata_config": []
              }
            ],
            "node_locations": [
              "us-central1-a",
              "us-central1-c",
              "us-central1-f"
            ],
            "node_pool": [
              {
                "autoscaling": [],
                "initial_node_count": 1,
                "instance_group_urls": [
                  "https://www.googleapis.com/compute/v1/projects/humble-being-293400/zones/us-central1-a/instanceGroupManagers/gke-my-rearcs-cluster-my-node-pool-e2b0ed99-grp",
                  "https://www.googleapis.com/compute/v1/projects/humble-being-293400/zones/us-central1-c/instanceGroupManagers/gke-my-rearcs-cluster-my-node-pool-47d4a638-grp",
                  "https://www.googleapis.com/compute/v1/projects/humble-being-293400/zones/us-central1-f/instanceGroupManagers/gke-my-rearcs-cluster-my-node-pool-efe4c127-grp"
                ],
                "managed_instance_group_urls": [
                  "https://www.googleapis.com/compute/v1/projects/humble-being-293400/zones/us-central1-a/instanceGroups/gke-my-rearcs-cluster-my-node-pool-e2b0ed99-grp",
                  "https://www.googleapis.com/compute/v1/projects/humble-being-293400/zones/us-central1-c/instanceGroups/gke-my-rearcs-cluster-my-node-pool-47d4a638-grp",
                  "https://www.googleapis.com/compute/v1/projects/humble-being-293400/zones/us-central1-f/instanceGroups/gke-my-rearcs-cluster-my-node-pool-efe4c127-grp"
                ],
                "management": [
                  {
                    "auto_repair": true,
                    "auto_upgrade": true
                  }
                ],
                "max_pods_per_node": 110,
                "name": "my-node-pool",
                "name_prefix": "",
                "network_config": [
                  {
                    "create_pod_range": false,
                    "enable_private_nodes": false,
                    "pod_cidr_overprovision_config": [],
                    "pod_ipv4_cidr_block": "10.76.0.0/14",
                    "pod_range": "gke-my-rearcs-cluster-pods-ce8be510"
                  }
                ],
                "node_config": [
                  {
                    "advanced_machine_features": [],
                    "boot_disk_kms_key": "",
                    "confidential_nodes": [],
                    "disk_size_gb": 100,
                    "disk_type": "pd-balanced",
                    "effective_taints": [],
                    "ephemeral_storage_local_ssd_config": [],
                    "fast_socket": [],
                    "gcfs_config": [],
                    "guest_accelerator": [],
                    "gvnic": [],
                    "host_maintenance_policy": [],
                    "image_type": "COS_CONTAINERD",
                    "kubelet_config": [],
                    "labels": {
                      "env": "humble-being-293400"
                    },
                    "linux_node_config": [],
                    "local_nvme_ssd_block_config": [],
                    "local_ssd_count": 0,
                    "logging_variant": "DEFAULT",
                    "machine_type": "e2-medium",
                    "metadata": {
                      "disable-legacy-endpoints": "true"
                    },
                    "min_cpu_platform": "",
                    "node_group": "",
                    "oauth_scopes": [
                      "https://www.googleapis.com/auth/cloud-platform",
                      "https://www.googleapis.com/auth/devstorage.read_only",
                      "https://www.googleapis.com/auth/logging.write",
                      "https://www.googleapis.com/auth/monitoring"
                    ],
                    "preemptible": false,
                    "reservation_affinity": [],
                    "resource_labels": {},
                    "service_account": "default",
                    "shielded_instance_config": [
                      {
                        "enable_integrity_monitoring": true,
                        "enable_secure_boot": false
                      }
                    ],
                    "sole_tenant_config": [],
                    "spot": false,
                    "tags": [],
                    "taint": [],
                    "workload_metadata_config": []
                  }
                ],
                "node_count": 1,
                "node_locations": [
                  "us-central1-a",
                  "us-central1-c",
                  "us-central1-f"
                ],
                "placement_policy": [],
                "upgrade_settings": [
                  {
                    "blue_green_settings": [],
                    "max_surge": 1,
                    "max_unavailable": 0,
                    "strategy": "SURGE"
                  }
                ],
                "version": "1.27.3-gke.100"
              }
            ],
            "node_pool_auto_config": [],
            "node_pool_defaults": [
              {
                "node_config_defaults": [
                  {
                    "logging_variant": "DEFAULT"
                  }
                ]
              }
            ],
            "node_version": "1.27.3-gke.100",
            "notification_config": [
              {
                "pubsub": [
                  {
                    "enabled": false,
                    "filter": [],
                    "topic": ""
                  }
                ]
              }
            ],
            "operation": null,
            "private_cluster_config": [
              {
                "enable_private_endpoint": false,
                "enable_private_nodes": false,
                "master_global_access_config": [
                  {
                    "enabled": false
                  }
                ],
                "master_ipv4_cidr_block": "",
                "peering_name": "",
                "private_endpoint": "10.128.0.16",
                "private_endpoint_subnetwork": "",
                "public_endpoint": "35.225.123.70"
              }
            ],
            "private_ipv6_google_access": "",
            "project": "humble-being-293400",
            "release_channel": [
              {
                "channel": "REGULAR"
              }
            ],
            "remove_default_node_pool": true,
            "resource_labels": {},
            "resource_usage_export_config": [],
            "security_posture_config": [
              {
                "mode": "BASIC",
                "vulnerability_mode": "VULNERABILITY_MODE_UNSPECIFIED"
              }
            ],
            "self_link": "https://container.googleapis.com/v1/projects/humble-being-293400/locations/us-central1/clusters/my-rearcs-cluster",
            "service_external_ips_config": [
              {
                "enabled": false
              }
            ],
            "services_ipv4_cidr": "10.80.0.0/20",
            "subnetwork": "projects/humble-being-293400/regions/us-central1/subnetworks/default",
            "timeouts": null,
            "tpu_ipv4_cidr_block": "",
            "vertical_pod_autoscaling": [],
            "workload_identity_config": []
          },
          "sensitive_attributes": [],
          "private": "eyJlMmJmYjczMC1lY2FhLTExZTYtOGY4OC0zNDM2M2JjN2M0YzAiOnsiY3JlYXRlIjoyNDAwMDAwMDAwMDAwLCJkZWxldGUiOjI0MDAwMDAwMDAwMDAsInJlYWQiOjI0MDAwMDAwMDAwMDAsInVwZGF0ZSI6MzYwMDAwMDAwMDAwMH0sInNjaGVtYV92ZXJzaW9uIjoiMiJ9"
        }
      ]
    },
    {
      "mode": "managed",
      "type": "google_container_node_pool",
      "name": "my-node-pool",
      "provider": "provider[\"registry.terraform.io/hashicorp/google\"]",
      "instances": [
        {
          "schema_version": 1,
          "attributes": {
            "autoscaling": [],
            "cluster": "my-rearcs-cluster",
            "id": "projects/humble-being-293400/locations/us-central1/clusters/my-rearcs-cluster/nodePools/my-node-pool",
            "initial_node_count": 1,
            "instance_group_urls": [
              "https://www.googleapis.com/compute/v1/projects/humble-being-293400/zones/us-central1-a/instanceGroupManagers/gke-my-rearcs-cluster-my-node-pool-e2b0ed99-grp",
              "https://www.googleapis.com/compute/v1/projects/humble-being-293400/zones/us-central1-c/instanceGroupManagers/gke-my-rearcs-cluster-my-node-pool-47d4a638-grp",
              "https://www.googleapis.com/compute/v1/projects/humble-being-293400/zones/us-central1-f/instanceGroupManagers/gke-my-rearcs-cluster-my-node-pool-efe4c127-grp"
            ],
            "location": "us-central1",
            "managed_instance_group_urls": [
              "https://www.googleapis.com/compute/v1/projects/humble-being-293400/zones/us-central1-a/instanceGroups/gke-my-rearcs-cluster-my-node-pool-e2b0ed99-grp",
              "https://www.googleapis.com/compute/v1/projects/humble-being-293400/zones/us-central1-c/instanceGroups/gke-my-rearcs-cluster-my-node-pool-47d4a638-grp",
              "https://www.googleapis.com/compute/v1/projects/humble-being-293400/zones/us-central1-f/instanceGroups/gke-my-rearcs-cluster-my-node-pool-efe4c127-grp"
            ],
            "management": [
              {
                "auto_repair": true,
                "auto_upgrade": true
              }
            ],
            "max_pods_per_node": 110,
            "name": "my-node-pool",
            "name_prefix": "",
            "network_config": [
              {
                "create_pod_range": false,
                "enable_private_nodes": false,
                "pod_cidr_overprovision_config": [],
                "pod_ipv4_cidr_block": "10.76.0.0/14",
                "pod_range": "gke-my-rearcs-cluster-pods-ce8be510"
              }
            ],
            "node_config": [
              {
                "advanced_machine_features": [],
                "boot_disk_kms_key": "",
                "confidential_nodes": [],
                "disk_size_gb": 100,
                "disk_type": "pd-balanced",
                "effective_taints": [],
                "ephemeral_storage_local_ssd_config": [],
                "fast_socket": [],
                "gcfs_config": [],
                "guest_accelerator": [],
                "gvnic": [],
                "host_maintenance_policy": [],
                "image_type": "COS_CONTAINERD",
                "kubelet_config": [],
                "labels": {
                  "env": "humble-being-293400"
                },
                "linux_node_config": [],
                "local_nvme_ssd_block_config": [],
                "local_ssd_count": 0,
                "logging_variant": "DEFAULT",
                "machine_type": "e2-medium",
                "metadata": {
                  "disable-legacy-endpoints": "true"
                },
                "min_cpu_platform": "",
                "node_group": "",
                "oauth_scopes": [
                  "https://www.googleapis.com/auth/cloud-platform",
                  "https://www.googleapis.com/auth/devstorage.read_only",
                  "https://www.googleapis.com/auth/logging.write",
                  "https://www.googleapis.com/auth/monitoring"
                ],
                "preemptible": false,
                "reservation_affinity": [],
                "resource_labels": {},
                "service_account": "default",
                "shielded_instance_config": [
                  {
                    "enable_integrity_monitoring": true,
                    "enable_secure_boot": false
                  }
                ],
                "sole_tenant_config": [],
                "spot": false,
                "tags": [],
                "taint": [],
                "workload_metadata_config": []
              }
            ],
            "node_count": 1,
            "node_locations": [
              "us-central1-a",
              "us-central1-c",
              "us-central1-f"
            ],
            "operation": null,
            "placement_policy": [],
            "project": "humble-being-293400",
            "timeouts": null,
            "upgrade_settings": [
              {
                "blue_green_settings": [],
                "max_surge": 1,
                "max_unavailable": 0,
                "strategy": "SURGE"
              }
            ],
            "version": "1.27.3-gke.100"
          },
          "sensitive_attributes": [],
          "private": "eyJlMmJmYjczMC1lY2FhLTExZTYtOGY4OC0zNDM2M2JjN2M0YzAiOnsiY3JlYXRlIjoxODAwMDAwMDAwMDAwLCJkZWxldGUiOjE4MDAwMDAwMDAwMDAsInVwZGF0ZSI6MTgwMDAwMDAwMDAwMH0sInNjaGVtYV92ZXJzaW9uIjoiMSJ9",
          "dependencies": [
            "google_container_cluster.my-rearcs-cluster"
          ]
        }
      ]
    },
    {
      "mode": "managed",
      "type": "kubernetes_deployment",
      "name": "quest",
      "provider": "provider[\"registry.terraform.io/hashicorp/kubernetes\"]",
      "instances": [
        {
          "status": "tainted",
          "schema_version": 1,
          "attributes": {
            "id": "default/quest-example",
            "metadata": [
              {
                "annotations": null,
                "generate_name": "",
                "generation": 0,
                "labels": {
                  "app": "quest",
                  "env": "humble-being-293400"
                },
                "name": "quest-example",
                "namespace": "default",
                "resource_version": "",
                "uid": ""
              }
            ],
            "spec": [
              {
                "min_ready_seconds": 0,
                "paused": false,
                "progress_deadline_seconds": 600,
                "replicas": "3",
                "revision_history_limit": 10,
                "selector": [
                  {
                    "match_expressions": [],
                    "match_labels": {
                      "app": "quest",
                      "env": "humble-being-293400"
                    }
                  }
                ],
                "strategy": [],
                "template": [
                  {
                    "metadata": [
                      {
                        "annotations": null,
                        "generate_name": "",
                        "generation": 0,
                        "labels": {
                          "app": "quest",
                          "env": "humble-being-293400"
                        },
                        "name": "",
                        "namespace": "",
                        "resource_version": "",
                        "uid": ""
                      }
                    ],
                    "spec": [
                      {
                        "active_deadline_seconds": 0,
                        "affinity": [],
                        "automount_service_account_token": true,
                        "container": [
                          {
                            "args": null,
                            "command": null,
                            "env": [],
                            "env_from": [],
                            "image": "us-central1-docker.pkg.dev/humble-being-293400/artifacts/abishaiep/quests:version1.0",
                            "image_pull_policy": "",
                            "lifecycle": [],
                            "liveness_probe": [
                              {
                                "exec": [],
                                "failure_threshold": 3,
                                "grpc": [],
                                "http_get": [
                                  {
                                    "host": "",
                                    "http_header": [
                                      {
                                        "name": "X-Custom-Header",
                                        "value": "Awesome"
                                      }
                                    ],
                                    "path": "/",
                                    "port": "80",
                                    "scheme": "HTTP"
                                  }
                                ],
                                "initial_delay_seconds": 3,
                                "period_seconds": 3,
                                "success_threshold": 1,
                                "tcp_socket": [],
                                "timeout_seconds": 1
                              }
                            ],
                            "name": "quest",
                            "port": [],
                            "readiness_probe": [],
                            "resources": [
                              {
                                "limits": {
                                  "cpu": "0.5",
                                  "memory": "512Mi"
                                },
                                "requests": {
                                  "cpu": "250m",
                                  "memory": "50Mi"
                                }
                              }
                            ],
                            "security_context": [],
                            "startup_probe": [],
                            "stdin": false,
                            "stdin_once": false,
                            "termination_message_path": "/dev/termination-log",
                            "termination_message_policy": "",
                            "tty": false,
                            "volume_mount": [],
                            "working_dir": ""
                          }
                        ],
                        "dns_config": [],
                        "dns_policy": "ClusterFirst",
                        "enable_service_links": true,
                        "host_aliases": [],
                        "host_ipc": false,
                        "host_network": false,
                        "host_pid": false,
                        "hostname": "",
                        "image_pull_secrets": [],
                        "init_container": [],
                        "node_name": "",
                        "node_selector": null,
                        "priority_class_name": "",
                        "readiness_gate": [],
                        "restart_policy": "Always",
                        "runtime_class_name": "",
                        "scheduler_name": "",
                        "security_context": [],
                        "service_account_name": "",
                        "share_process_namespace": false,
                        "subdomain": "",
                        "termination_grace_period_seconds": 30,
                        "toleration": [],
                        "topology_spread_constraint": [],
                        "volume": []
                      }
                    ]
                  }
                ]
              }
            ],
            "timeouts": null,
            "wait_for_rollout": true
          },
          "sensitive_attributes": [],
          "private": "eyJlMmJmYjczMC1lY2FhLTExZTYtOGY4OC0zNDM2M2JjN2M0YzAiOnsiY3JlYXRlIjo2MDAwMDAwMDAwMDAsImRlbGV0ZSI6NjAwMDAwMDAwMDAwLCJ1cGRhdGUiOjYwMDAwMDAwMDAwMH0sInNjaGVtYV92ZXJzaW9uIjoiMSJ9",
          "dependencies": [
            "null_resource.kube-context"
          ]
        }
      ]
    },
    {
      "mode": "managed",
      "type": "kubernetes_pod",
      "name": "quest",
      "provider": "provider[\"registry.terraform.io/hashicorp/kubernetes\"]",
      "instances": [
        {
          "schema_version": 1,
          "attributes": {
            "id": "default/quest-example",
            "metadata": [
              {
                "annotations": null,
                "generate_name": "",
                "generation": 0,
                "labels": {
                  "app": "quest",
                  "env": "humble-being-293400"
                },
                "name": "quest-example",
                "namespace": "default",
                "resource_version": "103528",
                "uid": "98484a66-ba8c-4417-a8e8-67ee10b8c6ea"
              }
            ],
            "spec": [
              {
                "active_deadline_seconds": 0,
                "affinity": [],
                "automount_service_account_token": true,
                "container": [
                  {
                    "args": null,
                    "command": null,
                    "env": [],
                    "env_from": [],
                    "image": "us-central1-docker.pkg.dev/humble-being-293400/artifacts/abishaiep/quests:version1.0",
                    "image_pull_policy": "IfNotPresent",
                    "lifecycle": [],
                    "liveness_probe": [],
                    "name": "quest",
                    "port": [],
                    "readiness_probe": [],
                    "resources": [
                      {
                        "limits": {},
                        "requests": {}
                      }
                    ],
                    "security_context": [],
                    "startup_probe": [],
                    "stdin": false,
                    "stdin_once": false,
                    "termination_message_path": "/dev/termination-log",
                    "termination_message_policy": "File",
                    "tty": false,
                    "volume_mount": [],
                    "working_dir": ""
                  }
                ],
                "dns_config": [],
                "dns_policy": "ClusterFirst",
                "enable_service_links": true,
                "host_aliases": [],
                "host_ipc": false,
                "host_network": false,
                "host_pid": false,
                "hostname": "",
                "image_pull_secrets": [],
                "init_container": [],
                "node_name": "gke-my-rearcs-cluster-my-node-pool-47d4a638-vswb",
                "node_selector": null,
                "priority_class_name": "",
                "readiness_gate": [],
                "restart_policy": "Always",
                "runtime_class_name": "",
                "scheduler_name": "default-scheduler",
                "security_context": [],
                "service_account_name": "default",
                "share_process_namespace": false,
                "subdomain": "",
                "termination_grace_period_seconds": 30,
                "toleration": [],
                "topology_spread_constraint": [],
                "volume": []
              }
            ],
            "target_state": null,
            "timeouts": null
          },
          "sensitive_attributes": [],
          "private": "eyJlMmJmYjczMC1lY2FhLTExZTYtOGY4OC0zNDM2M2JjN2M0YzAiOnsiY3JlYXRlIjozMDAwMDAwMDAwMDAsImRlbGV0ZSI6MzAwMDAwMDAwMDAwfSwic2NoZW1hX3ZlcnNpb24iOiIxIn0="
        }
      ]
    },
    {
      "mode": "managed",
      "type": "kubernetes_service",
      "name": "quest",
      "provider": "provider[\"registry.terraform.io/hashicorp/kubernetes\"]",
      "instances": [
        {
          "schema_version": 1,
          "attributes": {
            "id": "default/quest-example",
            "metadata": [
              {
                "annotations": {},
                "generate_name": "",
                "generation": 0,
                "labels": {},
                "name": "quest-example",
                "namespace": "default",
                "resource_version": "103535",
                "uid": "c60a39fc-c79a-4197-a78c-e5dd5ad1a20c"
              }
            ],
            "spec": [
              {
                "allocate_load_balancer_node_ports": true,
                "cluster_ip": "10.80.11.92",
                "cluster_ips": [
                  "10.80.11.92"
                ],
                "external_ips": [],
                "external_name": "",
                "external_traffic_policy": "Cluster",
                "health_check_node_port": 0,
                "internal_traffic_policy": "Cluster",
                "ip_families": [
                  "IPv4"
                ],
                "ip_family_policy": "SingleStack",
                "load_balancer_class": "",
                "load_balancer_ip": "",
                "load_balancer_source_ranges": [],
                "port": [
                  {
                    "app_protocol": "",
                    "name": "",
                    "node_port": 30748,
                    "port": 3000,
                    "protocol": "TCP",
                    "target_port": "3000"
                  }
                ],
                "publish_not_ready_addresses": false,
                "selector": {
                  "app": "quest"
                },
                "session_affinity": "ClientIP",
                "session_affinity_config": [
                  {
                    "client_ip": [
                      {
                        "timeout_seconds": 10800
                      }
                    ]
                  }
                ],
                "type": "LoadBalancer"
              }
            ],
            "status": [
              {
                "load_balancer": [
                  {
                    "ingress": [
                      {
                        "hostname": "",
                        "ip": "34.136.225.95"
                      }
                    ]
                  }
                ]
              }
            ],
            "timeouts": null,
            "wait_for_load_balancer": true
          },
          "sensitive_attributes": [],
          "private": "eyJlMmJmYjczMC1lY2FhLTExZTYtOGY4OC0zNDM2M2JjN2M0YzAiOnsiY3JlYXRlIjo2MDAwMDAwMDAwMDB9LCJzY2hlbWFfdmVyc2lvbiI6IjEifQ==",
          "dependencies": [
            "kubernetes_pod.quest"
          ]
        }
      ]
    },
    {
      "mode": "managed",
      "type": "null_resource",
      "name": "docker-registry",
      "provider": "provider[\"registry.terraform.io/hashicorp/null\"]",
      "instances": [
        {
          "schema_version": 0,
          "attributes": {
            "id": "8520729809812610687",
            "triggers": null
          },
          "sensitive_attributes": [],
          "dependencies": [
            "google_artifact_registry_repository.my-repo"
          ]
        }
      ]
    },
    {
      "mode": "managed",
      "type": "null_resource",
      "name": "kube-context",
      "provider": "provider[\"registry.terraform.io/hashicorp/null\"]",
      "instances": [
        {
          "schema_version": 0,
          "attributes": {
            "id": "8841645465528125228",
            "triggers": null
          },
          "sensitive_attributes": [],
          "dependencies": [
            "google_container_cluster.my-rearcs-cluster",
            "google_container_node_pool.my-node-pool"
          ]
        }
      ]
    }
  ],
  "check_results": null
}
